
Microsoft Visual Studio Solution File, Format Version 12.00
# Visual Studio Version 16
VisualStudioVersion = 16.0.30503.244
MinimumVisualStudioVersion = 10.0.40219.1
Project("{FAE04EC0-301F-11D3-BF4B-00C04F79EFBC}") = "EquazioneLibrary", "EquazioneLibrary\EquazioneLibrary.csproj", "{A2290308-4202-4FD7-A342-5F84ACFB5A38}"
EndProject
Project("{FAE04EC0-301F-11D3-BF4B-00C04F79EFBC}") = "EquazioniLibrary.Test", "EquazioniLibrary.Test\EquazioniLibrary.Test.csproj", "{346E0807-6B81-4341-9BC2-1EDD508EEE7B}"
EndProject
Global
	GlobalSection(SolutionConfigurationPlatforms) = preSolution
		Debug|Any CPU = Debug|Any CPU
		Release|Any CPU = Release|Any CPU
	EndGlobalSection
	GlobalSection(ProjectConfigurationPlatforms) = postSolution
		{A2290308-4202-4FD7-A342-5F84ACFB5A38}.Debug|Any CPU.ActiveCfg = Debug|Any CPU
		{A2290308-4202-4FD7-A342-5F84ACFB5A38}.Debug|Any CPU.Build.0 = Debug|Any CPU
		{A2290308-4202-4FD7-A342-5F84ACFB5A38}.Release|Any CPU.ActiveCfg = Release|Any CPU
		{A2290308-4202-4FD7-A342-5F84ACFB5A38}.Release|Any CPU.Build.0 = Release|Any CPU
		{346E0807-6B81-4341-9BC2-1EDD508EEE7B}.Debug|Any CPU.ActiveCfg = Debug|Any CPU
		{346E0807-6B81-4341-9BC2-1EDD508EEE7B}.Debug|Any CPU.Build.0 = Debug|Any CPU
		{346E0807-6B81-4341-9BC2-1EDD508EEE7B}.Release|Any CPU.ActiveCfg = Release|Any CPU
		{346E0807-6B81-4341-9BC2-1EDD508EEE7B}.Release|Any CPU.Build.0 = Release|Any CPU
	EndGlobalSection
	GlobalSection(SolutionProperties) = preSolution
		HideSolutionNode = FALSE
	EndGlobalSection
	GlobalSection(ExtensibilityGlobals) = postSolution
		SolutionGuid = {A52B277F-E691-4288-8DFB-F061D660BDF4}
	EndGlobalSection
EndGlobal
